// !$*UTF8*$!
{
	archiveVersion = 1;
	classes = {
	};
	objectVersion = 51;
	objects = {

/* Begin PBXBuildFile section */
		1E910002206329456A71E60A /* Pods_GithubsUsers.framework in Frameworks */ = {isa = PBXBuildFile; fileRef = 197EDCD212CE6955BE8A86C0 /* Pods_GithubsUsers.framework */; };
		43FA275726945F7D006BD390 /* AppDelegate.swift in Sources */ = {isa = PBXBuildFile; fileRef = 43FA275626945F7D006BD390 /* AppDelegate.swift */; };
		43FA275926945F7D006BD390 /* SceneDelegate.swift in Sources */ = {isa = PBXBuildFile; fileRef = 43FA275826945F7D006BD390 /* SceneDelegate.swift */; };
		43FA275B26945F7D006BD390 /* ViewController.swift in Sources */ = {isa = PBXBuildFile; fileRef = 43FA275A26945F7D006BD390 /* ViewController.swift */; };
		43FA275E26945F7D006BD390 /* Main.storyboard in Resources */ = {isa = PBXBuildFile; fileRef = 43FA275C26945F7D006BD390 /* Main.storyboard */; };
		43FA276126945F7D006BD390 /* GithubsUsers.xcdatamodeld in Sources */ = {isa = PBXBuildFile; fileRef = 43FA275F26945F7D006BD390 /* GithubsUsers.xcdatamodeld */; };
		43FA276326945F80006BD390 /* Assets.xcassets in Resources */ = {isa = PBXBuildFile; fileRef = 43FA276226945F80006BD390 /* Assets.xcassets */; };
		43FA276626945F80006BD390 /* LaunchScreen.storyboard in Resources */ = {isa = PBXBuildFile; fileRef = 43FA276426945F80006BD390 /* LaunchScreen.storyboard */; };
/* End PBXBuildFile section */

/* Begin PBXFileReference section */
		197EDCD212CE6955BE8A86C0 /* Pods_GithubsUsers.framework */ = {isa = PBXFileReference; explicitFileType = wrapper.framework; includeInIndex = 0; path = Pods_GithubsUsers.framework; sourceTree = BUILT_PRODUCTS_DIR; };
		304599482970FA32D8C557BD /* Pods-GithubsUsers.debug.xcconfig */ = {isa = PBXFileReference; includeInIndex = 1; lastKnownFileType = text.xcconfig; name = "Pods-GithubsUsers.debug.xcconfig"; path = "Target Support Files/Pods-GithubsUsers/Pods-GithubsUsers.debug.xcconfig"; sourceTree = "<group>"; };
		43FA275326945F7D006BD390 /* GithubsUsers.app */ = {isa = PBXFileReference; explicitFileType = wrapper.application; includeInIndex = 0; path = GithubsUsers.app; sourceTree = BUILT_PRODUCTS_DIR; };
		43FA275626945F7D006BD390 /* AppDelegate.swift */ = {isa = PBXFileReference; lastKnownFileType = sourcecode.swift; path = AppDelegate.swift; sourceTree = "<group>"; };
		43FA275826945F7D006BD390 /* SceneDelegate.swift */ = {isa = PBXFileReference; lastKnownFileType = sourcecode.swift; path = SceneDelegate.swift; sourceTree = "<group>"; };
		43FA275A26945F7D006BD390 /* ViewController.swift */ = {isa = PBXFileReference; lastKnownFileType = sourcecode.swift; path = ViewController.swift; sourceTree = "<group>"; };
		43FA275D26945F7D006BD390 /* Base */ = {isa = PBXFileReference; lastKnownFileType = file.storyboard; name = Base; path = Base.lproj/Main.storyboard; sourceTree = "<group>"; };
		43FA276026945F7D006BD390 /* GithubsUsers.xcdatamodel */ = {isa = PBXFileReference; lastKnownFileType = wrapper.xcdatamodel; path = GithubsUsers.xcdatamodel; sourceTree = "<group>"; };
		43FA276226945F80006BD390 /* Assets.xcassets */ = {isa = PBXFileReference; lastKnownFileType = folder.assetcatalog; path = Assets.xcassets; sourceTree = "<group>"; };
		43FA276526945F80006BD390 /* Base */ = {isa = PBXFileReference; lastKnownFileType = file.storyboard; name = Base; path = Base.lproj/LaunchScreen.storyboard; sourceTree = "<group>"; };
		43FA276726945F80006BD390 /* Info.plist */ = {isa = PBXFileReference; lastKnownFileType = text.plist.xml; path = Info.plist; sourceTree = "<group>"; };
		CA5A15A15105BAA9A4A7A6F3 /* Pods-GithubsUsers.release.xcconfig */ = {isa = PBXFileReference; includeInIndex = 1; lastKnownFileType = text.xcconfig; name = "Pods-GithubsUsers.release.xcconfig"; path = "Target Support Files/Pods-GithubsUsers/Pods-GithubsUsers.release.xcconfig"; sourceTree = "<group>"; };
/* End PBXFileReference section */

/* Begin PBXFrameworksBuildPhase section */
		43FA275026945F7D006BD390 /* Frameworks */ = {
			isa = PBXFrameworksBuildPhase;
			buildActionMask = 2147483647;
			files = (
				1E910002206329456A71E60A /* Pods_GithubsUsers.framework in Frameworks */,
			);
			runOnlyForDeploymentPostprocessing = 0;
		};
/* End PBXFrameworksBuildPhase section */

/* Begin PBXGroup section */
		43B79707AE9F8C9FF0A2C43F /* Pods */ = {
			isa = PBXGroup;
			children = (
				304599482970FA32D8C557BD /* Pods-GithubsUsers.debug.xcconfig */,
				CA5A15A15105BAA9A4A7A6F3 /* Pods-GithubsUsers.release.xcconfig */,
			);
			path = Pods;
			sourceTree = "<group>";
		};
		43FA274A26945F7D006BD390 = {
			isa = PBXGroup;
			children = (
				43FA275526945F7D006BD390 /* GithubsUsers */,
				43FA275426945F7D006BD390 /* Products */,
				43B79707AE9F8C9FF0A2C43F /* Pods */,
				98D6BA2FB42239DB26A39526 /* Frameworks */,
			);
			sourceTree = "<group>";
		};
		43FA275426945F7D006BD390 /* Products */ = {
			isa = PBXGroup;
			children = (
				43FA275326945F7D006BD390 /* GithubsUsers.app */,
			);
			name = Products;
			sourceTree = "<group>";
		};
		43FA275526945F7D006BD390 /* GithubsUsers */ = {
			isa = PBXGroup;
			children = (
				43FA275626945F7D006BD390 /* AppDelegate.swift */,
				43FA275826945F7D006BD390 /* SceneDelegate.swift */,
				43FA277126946199006BD390 /* Main */,
				43FA276226945F80006BD390 /* Assets.xcassets */,
				43FA276426945F80006BD390 /* LaunchScreen.storyboard */,
				43FA276726945F80006BD390 /* Info.plist */,
				43FA275F26945F7D006BD390 /* GithubsUsers.xcdatamodeld */,
			);
			path = GithubsUsers;
			sourceTree = "<group>";
		};
		43FA276E26946147006BD390 /* Model */ = {
			isa = PBXGroup;
			children = (
			);
			path = Model;
			sourceTree = "<group>";
		};
		43FA276F26946159006BD390 /* View */ = {
			isa = PBXGroup;
			children = (
				43FA275C26945F7D006BD390 /* Main.storyboard */,
				43FA275A26945F7D006BD390 /* ViewController.swift */,
			);
			path = View;
			sourceTree = "<group>";
		};
		43FA277026946169006BD390 /* ViewModel */ = {
			isa = PBXGroup;
			children = (
			);
			path = ViewModel;
			sourceTree = "<group>";
		};
		43FA277126946199006BD390 /* Main */ = {
			isa = PBXGroup;
			children = (
				43FA276F26946159006BD390 /* View */,
				43FA277026946169006BD390 /* ViewModel */,
				43FA276E26946147006BD390 /* Model */,
			);
			path = Main;
			sourceTree = "<group>";
		};
		98D6BA2FB42239DB26A39526 /* Frameworks */ = {
			isa = PBXGroup;
			children = (
				197EDCD212CE6955BE8A86C0 /* Pods_GithubsUsers.framework */,
			);
			name = Frameworks;
			sourceTree = "<group>";
		};
/* End PBXGroup section */

/* Begin PBXNativeTarget section */
		43FA275226945F7D006BD390 /* GithubsUsers */ = {
			isa = PBXNativeTarget;
			buildConfigurationList = 43FA276A26945F80006BD390 /* Build configuration list for PBXNativeTarget "GithubsUsers" */;
			buildPhases = (
				A8E8EEE260AADDDB7F31A33F /* [CP] Check Pods Manifest.lock */,
				43FA274F26945F7D006BD390 /* Sources */,
				43FA275026945F7D006BD390 /* Frameworks */,
				43FA275126945F7D006BD390 /* Resources */,
				01EF643308EB007522598445 /* [CP] Embed Pods Frameworks */,
			);
			buildRules = (
			);
			dependencies = (
			);
			name = GithubsUsers;
			productName = GithubsUsers;
			productReference = 43FA275326945F7D006BD390 /* GithubsUsers.app */;
			productType = "com.apple.product-type.application";
		};
/* End PBXNativeTarget section */

/* Begin PBXProject section */
		43FA274B26945F7D006BD390 /* Project object */ = {
			isa = PBXProject;
			attributes = {
				LastSwiftUpdateCheck = 1230;
				LastUpgradeCheck = 1230;
				TargetAttributes = {
					43FA275226945F7D006BD390 = {
						CreatedOnToolsVersion = 12.3;
					};
				};
			};
			buildConfigurationList = 43FA274E26945F7D006BD390 /* Build configuration list for PBXProject "GithubsUsers" */;
			compatibilityVersion = "Xcode 9.3";
			developmentRegion = en;
			hasScannedForEncodings = 0;
			knownRegions = (
				en,
				Base,
			);
			mainGroup = 43FA274A26945F7D006BD390;
			productRefGroup = 43FA275426945F7D006BD390 /* Products */;
			projectDirPath = "";
			projectRoot = "";
			targets = (
				43FA275226945F7D006BD390 /* GithubsUsers */,
			);
		};
/* End PBXProject section */

/* Begin PBXResourcesBuildPhase section */
		43FA275126945F7D006BD390 /* Resources */ = {
			isa = PBXResourcesBuildPhase;
			buildActionMask = 2147483647;
			files = (
				43FA276626945F80006BD390 /* LaunchScreen.storyboard in Resources */,
				43FA276326945F80006BD390 /* Assets.xcassets in Resources */,
				43FA275E26945F7D006BD390 /* Main.storyboard in Resources */,
			);
			runOnlyForDeploymentPostprocessing = 0;
		};
/* End PBXResourcesBuildPhase section */

/* Begin PBXShellScriptBuildPhase section */
		01EF643308EB007522598445 /* [CP] Embed Pods Frameworks */ = {
			isa = PBXShellScriptBuildPhase;
			buildActionMask = 2147483647;
			files = (
			);
			inputFileListPaths = (
				"${PODS_ROOT}/Target Support Files/Pods-GithubsUsers/Pods-GithubsUsers-frameworks-${CONFIGURATION}-input-files.xcfilelist",
			);
			name = "[CP] Embed Pods Frameworks";
			outputFileListPaths = (
				"${PODS_ROOT}/Target Support Files/Pods-GithubsUsers/Pods-GithubsUsers-frameworks-${CONFIGURATION}-output-files.xcfilelist",
			);
			runOnlyForDeploymentPostprocessing = 0;
			shellPath = /bin/sh;
			shellScript = "\"${PODS_ROOT}/Target Support Files/Pods-GithubsUsers/Pods-GithubsUsers-frameworks.sh\"\n";
			showEnvVarsInLog = 0;
		};
		A8E8EEE260AADDDB7F31A33F /* [CP] Check Pods Manifest.lock */ = {
			isa = PBXShellScriptBuildPhase;
			buildActionMask = 2147483647;
			files = (
			);
			inputFileListPaths = (
			);
			inputPaths = (
				"${PODS_PODFILE_DIR_PATH}/Podfile.lock",
				"${PODS_ROOT}/Manifest.lock",
			);
			name = "[CP] Check Pods Manifest.lock";
			outputFileListPaths = (
			);
			outputPaths = (
				"$(DERIVED_FILE_DIR)/Pods-GithubsUsers-checkManifestLockResult.txt",
			);
			runOnlyForDeploymentPostprocessing = 0;
			shellPath = /bin/sh;
			shellScript = "diff \"${PODS_PODFILE_DIR_PATH}/Podfile.lock\" \"${PODS_ROOT}/Manifest.lock\" > /dev/null\nif [ $? != 0 ] ; then\n    # print error to STDERR\n    echo \"error: The sandbox is not in sync with the Podfile.lock. Run 'pod install' or update your CocoaPods installation.\" >&2\n    exit 1\nfi\n# This output is used by Xcode 'outputs' to avoid re-running this script phase.\necho \"SUCCESS\" > \"${SCRIPT_OUTPUT_FILE_0}\"\n";
			showEnvVarsInLog = 0;
		};
/* End PBXShellScriptBuildPhase section */

/* Begin PBXSourcesBuildPhase section */
		43FA274F26945F7D006BD390 /* Sources */ = {
			isa = PBXSourcesBuildPhase;
			buildActionMask = 2147483647;
			files = (
				43FA275B26945F7D006BD390 /* ViewController.swift in Sources */,
				43FA276126945F7D006BD390 /* GithubsUsers.xcdatamodeld in Sources */,
				43FA275726945F7D006BD390 /* AppDelegate.swift in Sources */,
				43FA275926945F7D006BD390 /* SceneDelegate.swift in Sources */,
			);
			runOnlyForDeploymentPostprocessing = 0;
		};
/* End PBXSourcesBuildPhase section */

/* Begin PBXVariantGroup section */
		43FA275C26945F7D006BD390 /* Main.storyboard */ = {
			isa = PBXVariantGroup;
			children = (
				43FA275D26945F7D006BD390 /* Base */,
			);
			name = Main.storyboard;
			sourceTree = "<group>";
		};
		43FA276426945F80006BD390 /* LaunchScreen.storyboard */ = {
			isa = PBXVariantGroup;
			children = (
				43FA276526945F80006BD390 /* Base */,
			);
			name = LaunchScreen.storyboard;
			sourceTree = "<group>";
		};
/* End PBXVariantGroup section */

/* Begin XCBuildConfiguration section */
		43FA276826945F80006BD390 /* Debug */ = {
			isa = XCBuildConfiguration;
			buildSettings = {
				ALWAYS_SEARCH_USER_PATHS = NO;
				CLANG_ANALYZER_NONNULL = YES;
				CLANG_ANALYZER_NUMBER_OBJECT_CONVERSION = YES_AGGRESSIVE;
				CLANG_CXX_LANGUAGE_STANDARD = "gnu++14";
				CLANG_CXX_LIBRARY = "libc++";
				CLANG_ENABLE_MODULES = YES;
				CLANG_ENABLE_OBJC_ARC = YES;
				CLANG_ENABLE_OBJC_WEAK = YES;
				CLANG_WARN_BLOCK_CAPTURE_AUTORELEASING = YES;
				CLANG_WARN_BOOL_CONVERSION = YES;
				CLANG_WARN_COMMA = YES;
				CLANG_WARN_CONSTANT_CONVERSION = YES;
				CLANG_WARN_DEPRECATED_OBJC_IMPLEMENTATIONS = YES;
				CLANG_WARN_DIRECT_OBJC_ISA_USAGE = YES_ERROR;
				CLANG_WARN_DOCUMENTATION_COMMENTS = YES;
				CLANG_WARN_EMPTY_BODY = YES;
				CLANG_WARN_ENUM_CONVERSION = YES;
				CLANG_WARN_INFINITE_RECURSION = YES;
				CLANG_WARN_INT_CONVERSION = YES;
				CLANG_WARN_NON_LITERAL_NULL_CONVERSION = YES;
				CLANG_WARN_OBJC_IMPLICIT_RETAIN_SELF = YES;
				CLANG_WARN_OBJC_LITERAL_CONVERSION = YES;
				CLANG_WARN_OBJC_ROOT_CLASS = YES_ERROR;
				CLANG_WARN_QUOTED_INCLUDE_IN_FRAMEWORK_HEADER = YES;
				CLANG_WARN_RANGE_LOOP_ANALYSIS = YES;
				CLANG_WARN_STRICT_PROTOTYPES = YES;
				CLANG_WARN_SUSPICIOUS_MOVE = YES;
				CLANG_WARN_UNGUARDED_AVAILABILITY = YES_AGGRESSIVE;
				CLANG_WARN_UNREACHABLE_CODE = YES;
				CLANG_WARN__DUPLICATE_METHOD_MATCH = YES;
				COPY_PHASE_STRIP = NO;
				DEBUG_INFORMATION_FORMAT = dwarf;
				ENABLE_STRICT_OBJC_MSGSEND = YES;
				ENABLE_TESTABILITY = YES;
				GCC_C_LANGUAGE_STANDARD = gnu11;
				GCC_DYNAMIC_NO_PIC = NO;
				GCC_NO_COMMON_BLOCKS = YES;
				GCC_OPTIMIZATION_LEVEL = 0;
				GCC_PREPROCESSOR_DEFINITIONS = (
					"DEBUG=1",
					"$(inherited)",
				);
				GCC_WARN_64_TO_32_BIT_CONVERSION = YES;
				GCC_WARN_ABOUT_RETURN_TYPE = YES_ERROR;
				GCC_WARN_UNDECLARED_SELECTOR = YES;
				GCC_WARN_UNINITIALIZED_AUTOS = YES_AGGRESSIVE;
				GCC_WARN_UNUSED_FUNCTION = YES;
				GCC_WARN_UNUSED_VARIABLE = YES;
				IPHONEOS_DEPLOYMENT_TARGET = 14.3;
				MTL_ENABLE_DEBUG_INFO = INCLUDE_SOURCE;
				MTL_FAST_MATH = YES;
				ONLY_ACTIVE_ARCH = YES;
				SDKROOT = iphoneos;
				SWIFT_ACTIVE_COMPILATION_CONDITIONS = DEBUG;
				SWIFT_OPTIMIZATION_LEVEL = "-Onone";
			};
			name = Debug;
		};
		43FA276926945F80006BD390 /* Release */ = {
			isa = XCBuildConfiguration;
			buildSettings = {
				ALWAYS_SEARCH_USER_PATHS = NO;
				CLANG_ANALYZER_NONNULL = YES;
				CLANG_ANALYZER_NUMBER_OBJECT_CONVERSION = YES_AGGRESSIVE;
				CLANG_CXX_LANGUAGE_STANDARD = "gnu++14";
				CLANG_CXX_LIBRARY = "libc++";
				CLANG_ENABLE_MODULES = YES;
				CLANG_ENABLE_OBJC_ARC = YES;
				CLANG_ENABLE_OBJC_WEAK = YES;
				CLANG_WARN_BLOCK_CAPTURE_AUTORELEASING = YES;
				CLANG_WARN_BOOL_CONVERSION = YES;
				CLANG_WARN_COMMA = YES;
				CLANG_WARN_CONSTANT_CONVERSION = YES;
				CLANG_WARN_DEPRECATED_OBJC_IMPLEMENTATIONS = YES;
				CLANG_WARN_DIRECT_OBJC_ISA_USAGE = YES_ERROR;
				CLANG_WARN_DOCUMENTATION_COMMENTS = YES;
				CLANG_WARN_EMPTY_BODY = YES;
				CLANG_WARN_ENUM_CONVERSION = YES;
				CLANG_WARN_INFINITE_RECURSION = YES;
				CLANG_WARN_INT_CONVERSION = YES;
				CLANG_WARN_NON_LITERAL_NULL_CONVERSION = YES;
				CLANG_WARN_OBJC_IMPLICIT_RETAIN_SELF = YES;
				CLANG_WARN_OBJC_LITERAL_CONVERSION = YES;
				CLANG_WARN_OBJC_ROOT_CLASS = YES_ERROR;
				CLANG_WARN_QUOTED_INCLUDE_IN_FRAMEWORK_HEADER = YES;
				CLANG_WARN_RANGE_LOOP_ANALYSIS = YES;
				CLANG_WARN_STRICT_PROTOTYPES = YES;
				CLANG_WARN_SUSPICIOUS_MOVE = YES;
				CLANG_WARN_UNGUARDED_AVAILABILITY = YES_AGGRESSIVE;
				CLANG_WARN_UNREACHABLE_CODE = YES;
				CLANG_WARN__DUPLICATE_METHOD_MATCH = YES;
				COPY_PHASE_STRIP = NO;
				DEBUG_INFORMATION_FORMAT = "dwarf-with-dsym";
				ENABLE_NS_ASSERTIONS = NO;
				ENABLE_STRICT_OBJC_MSGSEND = YES;
				GCC_C_LANGUAGE_STANDARD = gnu11;
				GCC_NO_COMMON_BLOCKS = YES;
				GCC_WARN_64_TO_32_BIT_CONVERSION = YES;
				GCC_WARN_ABOUT_RETURN_TYPE = YES_ERROR;
				GCC_WARN_UNDECLARED_SELECTOR = YES;
				GCC_WARN_UNINITIALIZED_AUTOS = YES_AGGRESSIVE;
				GCC_WARN_UNUSED_FUNCTION = YES;
				GCC_WARN_UNUSED_VARIABLE = YES;
				IPHONEOS_DEPLOYMENT_TARGET = 14.3;
				MTL_ENABLE_DEBUG_INFO = NO;
				MTL_FAST_MATH = YES;
				SDKROOT = iphoneos;
				SWIFT_COMPILATION_MODE = wholemodule;
				SWIFT_OPTIMIZATION_LEVEL = "-O";
				VALIDATE_PRODUCT = YES;
			};
			name = Release;
		};
		43FA276B26945F80006BD390 /* Debug */ = {
			isa = XCBuildConfiguration;
			baseConfigurationReference = 304599482970FA32D8C557BD /* Pods-GithubsUsers.debug.xcconfig */;
			buildSettings = {
				ASSETCATALOG_COMPILER_APPICON_NAME = AppIcon;
				ASSETCATALOG_COMPILER_GLOBAL_ACCENT_COLOR_NAME = AccentColor;
				CODE_SIGN_STYLE = Automatic;
				DEVELOPMENT_TEAM = 6S665J9P74;
				INFOPLIST_FILE = GithubsUsers/Info.plist;
				LD_RUNPATH_SEARCH_PATHS = (
					"$(inherited)",
					"@executable_path/Frameworks",
				);
				PRODUCT_BUNDLE_IDENTIFIER = yaser.GithubsUsers;
				PRODUCT_NAME = "$(TARGET_NAME)";
				SWIFT_VERSION = 5.0;
				TARGETED_DEVICE_FAMILY = 1;
			};
			name = Debug;
		};
		43FA276C26945F80006BD390 /* Release */ = {
			isa = XCBuildConfiguration;
			baseConfigurationReference = CA5A15A15105BAA9A4A7A6F3 /* Pods-GithubsUsers.release.xcconfig */;
			buildSettings = {
				ASSETCATALOG_COMPILER_APPICON_NAME = AppIcon;
				ASSETCATALOG_COMPILER_GLOBAL_ACCENT_COLOR_NAME = AccentColor;
				CODE_SIGN_STYLE = Automatic;
				DEVELOPMENT_TEAM = 6S665J9P74;
				INFOPLIST_FILE = GithubsUsers/Info.plist;
				LD_RUNPATH_SEARCH_PATHS = (
					"$(inherited)",
					"@executable_path/Frameworks",
				);
				PRODUCT_BUNDLE_IDENTIFIER = yaser.GithubsUsers;
				PRODUCT_NAME = "$(TARGET_NAME)";
				SWIFT_VERSION = 5.0;
				TARGETED_DEVICE_FAMILY = 1;
			};
			name = Release;
		};
/* End XCBuildConfiguration section */

/* Begin XCConfigurationList section */
		43FA274E26945F7D006BD390 /* Build configuration list for PBXProject "GithubsUsers" */ = {
			isa = XCConfigurationList;
			buildConfigurations = (
				43FA276826945F80006BD390 /* Debug */,
				43FA276926945F80006BD390 /* Release */,
			);
			defaultConfigurationIsVisible = 0;
			defaultConfigurationName = Release;
		};
		43FA276A26945F80006BD390 /* Build configuration list for PBXNativeTarget "GithubsUsers" */ = {
			isa = XCConfigurationList;
			buildConfigurations = (
				43FA276B26945F80006BD390 /* Debug */,
				43FA276C26945F80006BD390 /* Release */,
			);
			defaultConfigurationIsVisible = 0;
			defaultConfigurationName = Release;
		};
/* End XCConfigurationList section */

/* Begin XCVersionGroup section */
		43FA275F26945F7D006BD390 /* GithubsUsers.xcdatamodeld */ = {
			isa = XCVersionGroup;
			children = (
				43FA276026945F7D006BD390 /* GithubsUsers.xcdatamodel */,
			);
			currentVersion = 43FA276026945F7D006BD390 /* GithubsUsers.xcdatamodel */;
			path = GithubsUsers.xcdatamodeld;
			sourceTree = "<group>";
			versionGroupType = wrapper.xcdatamodel;
		};
/* End XCVersionGroup section */
	};
	rootObject = 43FA274B26945F7D006BD390 /* Project object */;
}
